
Microsoft Visual Studio Solution File, Format Version 12.00
# Visual Studio Version 16
VisualStudioVersion = 16.0.30204.135
MinimumVisualStudioVersion = 10.0.40219.1
Project("{FAE04EC0-301F-11D3-BF4B-00C04F79EFBC}") = "SecuringWebApiUsingApiKey", "SecuringWebApiUsingApiKey\SecuringWebApiUsingApiKey.csproj", "{52C9593B-6C39-4B68-A43F-CB6C292309B7}"
EndProject
Global
	GlobalSection(SolutionConfigurationPlatforms) = preSolution
		Debug|Any CPU = Debug|Any CPU
		Release|Any CPU = Release|Any CPU
	EndGlobalSection
	GlobalSection(ProjectConfigurationPlatforms) = postSolution
		{52C9593B-6C39-4B68-A43F-CB6C292309B7}.Debug|Any CPU.ActiveCfg = Debug|Any CPU
		{52C9593B-6C39-4B68-A43F-CB6C292309B7}.Debug|Any CPU.Build.0 = Debug|Any CPU
		{52C9593B-6C39-4B68-A43F-CB6C292309B7}.Release|Any CPU.ActiveCfg = Release|Any CPU
		{52C9593B-6C39-4B68-A43F-CB6C292309B7}.Release|Any CPU.Build.0 = Release|Any CPU
	EndGlobalSection
	GlobalSection(SolutionProperties) = preSolution
		HideSolutionNode = FALSE
	EndGlobalSection
	GlobalSection(ExtensibilityGlobals) = postSolution
		SolutionGuid = {F98A94D2-A388-4F22-8710-CB3159077297}
	EndGlobalSection
EndGlobal
